
Microsoft Visual Studio Solution File, Format Version 12.00
# Visual Studio Version 17
VisualStudioVersion = 17.2.32630.192
MinimumVisualStudioVersion = 10.0.40219.1
Project("{9A19103F-16F7-4668-BE54-9A1E7A4F7556}") = "R5T.L0092.Construction", "R5T.L0092.Construction\R5T.L0092.Construction.csproj", "{B311D1F4-F6A2-4A95-8DAB-DB53333F572B}"
EndProject
Project("{9A19103F-16F7-4668-BE54-9A1E7A4F7556}") = "R5T.L0092", "R5T.L0092\R5T.L0092.csproj", "{86D087A8-3720-461A-8AD0-B3F4160AA4D4}"
EndProject
Project("{2150E333-8FDC-42A3-9474-1A3956D46DE8}") = "_Dependencies", "_Dependencies", "{3FE60AD1-C1A2-4078-95AB-6FABDF1433F6}"
EndProject
Project("{9A19103F-16F7-4668-BE54-9A1E7A4F7556}") = "R5T.L0066", "..\..\R5T.L0066\source\R5T.L0066\R5T.L0066.csproj", "{F5DB8481-836B-47CD-A80D-0792A8F54448}"
EndProject
Project("{9A19103F-16F7-4668-BE54-9A1E7A4F7556}") = "R5T.T0131", "..\..\R5T.T0131\source\R5T.T0131\R5T.T0131.csproj", "{9B88CA52-8EC0-4C13-B789-5907EF22C55E}"
EndProject
Project("{9A19103F-16F7-4668-BE54-9A1E7A4F7556}") = "R5T.T0132", "..\..\R5T.T0132\source\R5T.T0132\R5T.T0132.csproj", "{D07F28ED-E302-4C46-A5CC-FE944FC38E96}"
EndProject
Project("{9A19103F-16F7-4668-BE54-9A1E7A4F7556}") = "R5T.T0142", "..\..\R5T.T0142\source\R5T.T0142\R5T.T0142.csproj", "{20800BDB-2024-436A-9D28-096CD600D099}"
EndProject
Project("{9A19103F-16F7-4668-BE54-9A1E7A4F7556}") = "R5T.T0143", "..\..\R5T.T0143\source\R5T.T0143\R5T.T0143.csproj", "{A6E6325F-E0CB-46DB-A5EB-E1C3AB85F22A}"
EndProject
Project("{9A19103F-16F7-4668-BE54-9A1E7A4F7556}") = "R5T.T0156", "..\..\R5T.T0156\source\R5T.T0156\R5T.T0156.csproj", "{114339F9-6425-4DF3-8406-D7A0F54AF417}"
EndProject
Project("{9A19103F-16F7-4668-BE54-9A1E7A4F7556}") = "R5T.Y0006", "..\..\R5T.Y0006\source\R5T.Y0006\R5T.Y0006.csproj", "{4C747BD8-7231-4E56-A09D-637FFE6A20F8}"
EndProject
Project("{9A19103F-16F7-4668-BE54-9A1E7A4F7556}") = "R5T.L0089.F000", "..\..\R5T.L0089\source\R5T.L0089.F000\R5T.L0089.F000.csproj", "{2C7983C2-B236-4890-8454-08FD791FB4B7}"
EndProject
Project("{9A19103F-16F7-4668-BE54-9A1E7A4F7556}") = "R5T.L0089.T000", "..\..\R5T.L0089\source\R5T.L0089.T000\R5T.L0089.T000.csproj", "{88054BC6-1915-4B95-8E6F-E0701A557ED7}"
EndProject
Project("{9A19103F-16F7-4668-BE54-9A1E7A4F7556}") = "R5T.L0089", "..\..\R5T.L0089\source\R5T.L0089\R5T.L0089.csproj", "{30C219C7-563F-47B3-BB60-8101BD042552}"
EndProject
Project("{9A19103F-16F7-4668-BE54-9A1E7A4F7556}") = "R5T.L0091.T000", "..\..\R5T.L0091\source\R5T.L0091.T000\R5T.L0091.T000.csproj", "{B9C65F0C-F084-4147-8DAB-F5BC5A4D9D77}"
EndProject
Project("{9A19103F-16F7-4668-BE54-9A1E7A4F7556}") = "R5T.L0091", "..\..\R5T.L0091\source\R5T.L0091\R5T.L0091.csproj", "{682CCA73-3C6D-4160-AD5B-FEA778E3B6C9}"
EndProject
Project("{9A19103F-16F7-4668-BE54-9A1E7A4F7556}") = "R5T.L0092.T001", "R5T.L0092.T001/R5T.L0092.T001.csproj", "{15D03742-2268-41E1-86BF-59DC1A8DE21E}"
EndProject
Project("{9A19103F-16F7-4668-BE54-9A1E7A4F7556}") = "R5T.F0000", "../../R5T.F0000/source/R5T.F0000/R5T.F0000.csproj", "{B6121A8F-621B-43A0-AE70-3B0AEF97132F}"
EndProject
Project("{9A19103F-16F7-4668-BE54-9A1E7A4F7556}") = "R5T.F0002", "../../R5T.F0002/source/R5T.F0002/R5T.F0002.csproj", "{4961067E-D5D0-46F8-83FA-433CFC78980A}"
EndProject
Project("{9A19103F-16F7-4668-BE54-9A1E7A4F7556}") = "R5T.F0059", "../../R5T.F0059/source/R5T.F0059/R5T.F0059.csproj", "{EF9B6F11-B48F-40A0-801F-4C60A9605BBB}"
EndProject
Project("{9A19103F-16F7-4668-BE54-9A1E7A4F7556}") = "R5T.F0120", "../../R5T.F0120/source/R5T.F0120/R5T.F0120.csproj", "{83EC6635-98BA-4D07-A79B-1AA1607BBFB9}"
EndProject
Project("{9A19103F-16F7-4668-BE54-9A1E7A4F7556}") = "R5T.F0124", "../../R5T.F0124/source/R5T.F0124/R5T.F0124.csproj", "{8F509CA0-88F4-45E7-A887-65097B2E4C13}"
EndProject
Project("{9A19103F-16F7-4668-BE54-9A1E7A4F7556}") = "R5T.F0125", "../../R5T.F0125/source/R5T.F0125/R5T.F0125.csproj", "{7453552F-2978-4F41-8336-C8362405BF5A}"
EndProject
Project("{9A19103F-16F7-4668-BE54-9A1E7A4F7556}") = "R5T.L0030.T000", "../../R5T.L0030/source/R5T.L0030.T000/R5T.L0030.T000.csproj", "{5B54FFED-8FC4-41F6-9205-78F5EE09500B}"
EndProject
Project("{9A19103F-16F7-4668-BE54-9A1E7A4F7556}") = "R5T.L0030", "../../R5T.L0030/source/R5T.L0030/R5T.L0030.csproj", "{99B282E5-1958-4559-99EB-B133F2DF7AB8}"
EndProject
Project("{9A19103F-16F7-4668-BE54-9A1E7A4F7556}") = "R5T.L0034", "../../R5T.L0034/source/R5T.L0034/R5T.L0034.csproj", "{3B51C892-0131-42C8-A4FC-92765BBB55D6}"
EndProject
Project("{9A19103F-16F7-4668-BE54-9A1E7A4F7556}") = "R5T.L0035", "../../R5T.L0035/source/R5T.L0035/R5T.L0035.csproj", "{504F9E82-7C28-4A84-9917-42F1FD96354C}"
EndProject
Project("{9A19103F-16F7-4668-BE54-9A1E7A4F7556}") = "R5T.L0053", "../../R5T.L0053/source/R5T.L0053/R5T.L0053.csproj", "{595A1F10-F131-4065-85F9-28F003ABDB10}"
EndProject
Project("{9A19103F-16F7-4668-BE54-9A1E7A4F7556}") = "R5T.L0056", "../../R5T.L0056/source/R5T.L0056/R5T.L0056.csproj", "{D42D71E0-C596-41B6-994A-0B510DECDF74}"
EndProject
Project("{9A19103F-16F7-4668-BE54-9A1E7A4F7556}") = "R5T.L0071", "../../R5T.L0071/source/R5T.L0071/R5T.L0071.csproj", "{570D2847-D738-4AF8-815C-CE1F91299AEA}"
EndProject
Project("{9A19103F-16F7-4668-BE54-9A1E7A4F7556}") = "R5T.L0074", "../../R5T.L0074/source/R5T.L0074/R5T.L0074.csproj", "{4FE282F3-2191-4AFA-B92C-CA39B60C6531}"
EndProject
Project("{9A19103F-16F7-4668-BE54-9A1E7A4F7556}") = "R5T.NG0006", "../../R5T.NG0006/source/R5T.NG0006/R5T.NG0006.csproj", "{C6EA3388-9364-401D-8156-4503088DAAB0}"
EndProject
Project("{9A19103F-16F7-4668-BE54-9A1E7A4F7556}") = "R5T.NG0022", "../../R5T.NG0022/source/R5T.NG0022/R5T.NG0022.csproj", "{B5B9EAC4-B301-41B0-88FD-B0B929B6CF9A}"
EndProject
Project("{9A19103F-16F7-4668-BE54-9A1E7A4F7556}") = "R5T.T0150", "../../R5T.T0150/source/R5T.T0150/R5T.T0150.csproj", "{B0C5C601-9483-473C-B566-F0247B70E810}"
EndProject
Project("{9A19103F-16F7-4668-BE54-9A1E7A4F7556}") = "R5T.T0151", "../../R5T.T0151/source/R5T.T0151/R5T.T0151.csproj", "{4EBDF8E1-8148-4477-8DE5-563D8EC0059B}"
EndProject
Project("{9A19103F-16F7-4668-BE54-9A1E7A4F7556}") = "R5T.T0158", "../../R5T.T0158/source/R5T.T0158/R5T.T0158.csproj", "{1DA1F379-46D2-4702-9032-D2C3C1FE5C73}"
EndProject
Project("{9A19103F-16F7-4668-BE54-9A1E7A4F7556}") = "R5T.T0159", "../../R5T.T0159/source/R5T.T0159/R5T.T0159.csproj", "{DABF4127-F129-41B9-BA19-82F622CFCD18}"
EndProject
Project("{9A19103F-16F7-4668-BE54-9A1E7A4F7556}") = "R5T.T0172", "../../R5T.T0172/source/R5T.T0172/R5T.T0172.csproj", "{FF860A62-2E89-44F7-84D6-55F77218E73A}"
EndProject
Project("{9A19103F-16F7-4668-BE54-9A1E7A4F7556}") = "R5T.T0174", "../../R5T.T0174/source/R5T.T0174/R5T.T0174.csproj", "{3A0DAF15-09E5-4329-96AF-9A2702E04D6E}"
EndProject
Project("{9A19103F-16F7-4668-BE54-9A1E7A4F7556}") = "R5T.T0176", "../../R5T.T0176/source/R5T.T0176/R5T.T0176.csproj", "{3CAD882D-44F9-4C72-96B7-A3107A5485DC}"
EndProject
Project("{9A19103F-16F7-4668-BE54-9A1E7A4F7556}") = "R5T.T0177", "../../R5T.T0177/source/R5T.T0177/R5T.T0177.csproj", "{EFD4F655-5C02-467C-A7C9-401049EDF1C4}"
EndProject
Project("{9A19103F-16F7-4668-BE54-9A1E7A4F7556}") = "R5T.T0178", "../../R5T.T0178/source/R5T.T0178/R5T.T0178.csproj", "{3855D760-F070-427B-86F0-5A197A5E7C60}"
EndProject
Project("{9A19103F-16F7-4668-BE54-9A1E7A4F7556}") = "R5T.T0179", "../../R5T.T0179/source/R5T.T0179/R5T.T0179.csproj", "{F642326E-2299-4566-8012-FDA4036912D1}"
EndProject
Project("{9A19103F-16F7-4668-BE54-9A1E7A4F7556}") = "R5T.T0180", "../../R5T.T0180/source/R5T.T0180/R5T.T0180.csproj", "{ACE033E3-E96C-4619-8109-A736DB2127DC}"
EndProject
Project("{9A19103F-16F7-4668-BE54-9A1E7A4F7556}") = "R5T.T0181", "../../R5T.T0181/source/R5T.T0181/R5T.T0181.csproj", "{4004C61A-F44E-492A-ADAD-2BEB1F526F70}"
EndProject
Project("{9A19103F-16F7-4668-BE54-9A1E7A4F7556}") = "R5T.T0185", "../../R5T.T0185/source/R5T.T0185/R5T.T0185.csproj", "{5499A532-794A-4233-9C3C-AC1F507DE6E7}"
EndProject
Project("{9A19103F-16F7-4668-BE54-9A1E7A4F7556}") = "R5T.T0199.T000", "../../R5T.T0199/source/R5T.T0199.T000/R5T.T0199.T000.csproj", "{AECD2290-662E-49CE-B7F5-3E45A742E329}"
EndProject
Project("{9A19103F-16F7-4668-BE54-9A1E7A4F7556}") = "R5T.T0199.T001", "../../R5T.T0199/source/R5T.T0199.T001/R5T.T0199.T001.csproj", "{58AF4F55-4CE3-4A35-932C-1A9C0EA93F6E}"
EndProject
Project("{9A19103F-16F7-4668-BE54-9A1E7A4F7556}") = "R5T.T0199", "../../R5T.T0199/source/R5T.T0199/R5T.T0199.csproj", "{77F3DF27-BA03-413E-9932-D52353C87497}"
EndProject
Project("{9A19103F-16F7-4668-BE54-9A1E7A4F7556}") = "R5T.T0203", "../../R5T.T0203/source/R5T.T0203/R5T.T0203.csproj", "{EFFC2788-95D9-419F-BB12-EC9F3D5E7AA3}"
EndProject
Project("{9A19103F-16F7-4668-BE54-9A1E7A4F7556}") = "R5T.T0213", "../../R5T.T0213/source/R5T.T0213/R5T.T0213.csproj", "{EB94A79F-21A9-4757-867F-5D5C53199376}"
EndProject
Project("{9A19103F-16F7-4668-BE54-9A1E7A4F7556}") = "R5T.T0218", "../../R5T.T0218/source/R5T.T0218/R5T.T0218.csproj", "{5FFBAE7A-D38E-4AE2-82DD-26B795A556C1}"
EndProject
Project("{9A19103F-16F7-4668-BE54-9A1E7A4F7556}") = "R5T.T0219", "../../R5T.T0219/source/R5T.T0219/R5T.T0219.csproj", "{E01D1290-CE0A-4A45-8BA5-07E8046EB299}"
EndProject
Project("{9A19103F-16F7-4668-BE54-9A1E7A4F7556}") = "R5T.T0220", "../../R5T.T0220/source/R5T.T0220/R5T.T0220.csproj", "{CC8AB56F-A481-419D-9F71-66D48C0A6539}"
EndProject
Project("{9A19103F-16F7-4668-BE54-9A1E7A4F7556}") = "R5T.T0221", "../../R5T.T0221/source/R5T.T0221/R5T.T0221.csproj", "{D6645F4D-B637-430F-8D8C-AD24AA85DEA5}"
EndProject
Project("{9A19103F-16F7-4668-BE54-9A1E7A4F7556}") = "R5T.T0227", "../../R5T.T0227/source/R5T.T0227/R5T.T0227.csproj", "{D297DD7A-7083-4905-AD14-0A4168265C03}"
EndProject
Project("{9A19103F-16F7-4668-BE54-9A1E7A4F7556}") = "R5T.Y0000", "../../R5T.Y0000/source/R5T.Y0000/R5T.Y0000.csproj", "{49D2200F-C971-444D-8ADD-7D636CD0A146}"
EndProject
Project("{9A19103F-16F7-4668-BE54-9A1E7A4F7556}") = "R5T.Z0000", "../../R5T.Z0000/source/R5T.Z0000/R5T.Z0000.csproj", "{482D3362-20A0-4E3F-9224-ABC124F8DAC0}"
EndProject
Project("{9A19103F-16F7-4668-BE54-9A1E7A4F7556}") = "R5T.Z0010.Platform", "../../R5T.Z0010/source/R5T.Z0010.Platform/R5T.Z0010.Platform.csproj", "{9AC61ECC-19A8-4D47-A469-7D52D9EA12BD}"
EndProject
Project("{9A19103F-16F7-4668-BE54-9A1E7A4F7556}") = "R5T.Z0010", "../../R5T.Z0010/source/R5T.Z0010/R5T.Z0010.csproj", "{0BA04E98-10CB-423C-B418-7DF25ED574BB}"
EndProject
Project("{9A19103F-16F7-4668-BE54-9A1E7A4F7556}") = "R5T.Z0057.Platform", "../../R5T.Z0057/source/R5T.Z0057.Platform/R5T.Z0057.Platform.csproj", "{92D2A923-9D27-4B25-A99B-440826CCEA9D}"
EndProject
Project("{9A19103F-16F7-4668-BE54-9A1E7A4F7556}") = "R5T.Z0057", "../../R5T.Z0057/source/R5T.Z0057/R5T.Z0057.csproj", "{5BDE2723-A7A9-4F51-A610-C374D30BBF4F}"
EndProject
Project("{9A19103F-16F7-4668-BE54-9A1E7A4F7556}") = "R5T.Z0058", "../../R5T.Z0058/source/R5T.Z0058/R5T.Z0058.csproj", "{E46B089C-CDC6-4BE6-BE20-A43EFA4A8729}"
EndProject
Project("{9A19103F-16F7-4668-BE54-9A1E7A4F7556}") = "R5T.T0244", "..\..\R5T.T0244\source\R5T.T0244\R5T.T0244.csproj", "{96F8699E-BF19-4480-9646-E4706E4142C3}"
EndProject
Project("{9A19103F-16F7-4668-BE54-9A1E7A4F7556}") = "R5T.L0092.V000", "R5T.L0092.V000\R5T.L0092.V000.csproj", "{97ECE1B1-E803-4444-8147-A29883B15D6B}"
EndProject
Project("{9A19103F-16F7-4668-BE54-9A1E7A4F7556}") = "R5T.L0087.F000", "..\..\R5T.L0087\source\R5T.L0087.F000\R5T.L0087.F000.csproj", "{2859F4D1-4AD2-4231-89C4-4DA816DBA166}"
EndProject
Project("{9A19103F-16F7-4668-BE54-9A1E7A4F7556}") = "R5T.L0087.F001", "..\..\R5T.L0087\source\R5T.L0087.F001\R5T.L0087.F001.csproj", "{A21899BC-12D2-45E1-A7C8-7126056A8FD3}"
EndProject
Project("{9A19103F-16F7-4668-BE54-9A1E7A4F7556}") = "R5T.L0087.T000", "..\..\R5T.L0087\source\R5T.L0087.T000\R5T.L0087.T000.csproj", "{2D43BE18-121C-490B-B7FA-EBAE0E27AC35}"
EndProject
Project("{9A19103F-16F7-4668-BE54-9A1E7A4F7556}") = "R5T.L0087", "..\..\R5T.L0087\source\R5T.L0087\R5T.L0087.csproj", "{BC472A2C-AF79-4489-B140-DDA7030F2D54}"
EndProject
Project("{9A19103F-16F7-4668-BE54-9A1E7A4F7556}") = "R5T.L0088.F001", "..\..\R5T.L0088\source\R5T.L0088.F001\R5T.L0088.F001.csproj", "{61FACD9F-BDE6-4721-B008-2A2964589552}"
EndProject
Project("{9A19103F-16F7-4668-BE54-9A1E7A4F7556}") = "R5T.L0088.F002", "..\..\R5T.L0088\source\R5T.L0088.F002\R5T.L0088.F002.csproj", "{DC7323AF-82A5-4B53-9398-0384F3CAA5B0}"
EndProject
Project("{9A19103F-16F7-4668-BE54-9A1E7A4F7556}") = "R5T.L0088", "..\..\R5T.L0088\source\R5T.L0088\R5T.L0088.csproj", "{AA91E8A2-8A1F-4FFC-B48F-2193B8A95657}"
EndProject
Project("{9A19103F-16F7-4668-BE54-9A1E7A4F7556}") = "R5T.L0090.T000", "..\..\R5T.L0090\source\R5T.L0090.T000\R5T.L0090.T000.csproj", "{35802849-A30F-41BD-A607-B51254223956}"
EndProject
Project("{9A19103F-16F7-4668-BE54-9A1E7A4F7556}") = "R5T.NG0017", "..\..\R5T.NG0017\source\R5T.NG0017\R5T.NG0017.csproj", "{A3CE6AB0-E701-4896-AE65-010DCBB1BE56}"
EndProject
Project("{9A19103F-16F7-4668-BE54-9A1E7A4F7556}") = "R5T.T0239", "..\..\R5T.T0239\source\R5T.T0239\R5T.T0239.csproj", "{385D1DE8-AAB0-4D32-9DEE-10DDA7C2CEF8}"
EndProject
Project("{9A19103F-16F7-4668-BE54-9A1E7A4F7556}") = "R5T.T0240", "..\..\R5T.T0240\source\R5T.T0240\R5T.T0240.csproj", "{A97A5AA1-CF03-45C3-892D-B6B5754434DB}"
EndProject
Project("{9A19103F-16F7-4668-BE54-9A1E7A4F7556}") = "R5T.T0242", "..\..\R5T.T0242\source\R5T.T0242\R5T.T0242.csproj", "{B306FE72-9FBF-47F9-927D-6D8FB290394F}"
EndProject
Project("{9A19103F-16F7-4668-BE54-9A1E7A4F7556}") = "R5T.T0243", "..\..\R5T.T0243\source\R5T.T0243\R5T.T0243.csproj", "{A13B66E6-1FBB-4DC0-AD28-B6E78B94CD98}"
EndProject
Project("{9A19103F-16F7-4668-BE54-9A1E7A4F7556}") = "R5T.V0002.Z001", "..\..\R5T.V0002\source\R5T.V0002.Z001\R5T.V0002.Z001.csproj", "{70792479-9CD1-4C82-B061-F12A0333F0DA}"
EndProject
Project("{9A19103F-16F7-4668-BE54-9A1E7A4F7556}") = "R5T.V0002", "..\..\R5T.V0002\source\R5T.V0002\R5T.V0002.csproj", "{4DF98107-69BD-484E-BC99-70191B4EAF73}"
EndProject
Project("{9A19103F-16F7-4668-BE54-9A1E7A4F7556}") = "R5T.Z0066", "..\..\R5T.Z0066\source\R5T.Z0066\R5T.Z0066.csproj", "{B1046366-D459-4175-86A1-4BADFA7895DF}"
EndProject
Project("{9A19103F-16F7-4668-BE54-9A1E7A4F7556}") = "R5T.T0141", "..\..\R5T.T0141\source\R5T.T0141\R5T.T0141.csproj", "{75D49BAD-62AE-45F5-B944-A37D7907CF5E}"
EndProject
Global
	GlobalSection(NestedProjects) = preSolution
		{F5DB8481-836B-47CD-A80D-0792A8F54448} = {3FE60AD1-C1A2-4078-95AB-6FABDF1433F6}
		{9B88CA52-8EC0-4C13-B789-5907EF22C55E} = {3FE60AD1-C1A2-4078-95AB-6FABDF1433F6}
		{D07F28ED-E302-4C46-A5CC-FE944FC38E96} = {3FE60AD1-C1A2-4078-95AB-6FABDF1433F6}
		{20800BDB-2024-436A-9D28-096CD600D099} = {3FE60AD1-C1A2-4078-95AB-6FABDF1433F6}
		{A6E6325F-E0CB-46DB-A5EB-E1C3AB85F22A} = {3FE60AD1-C1A2-4078-95AB-6FABDF1433F6}
		{114339F9-6425-4DF3-8406-D7A0F54AF417} = {3FE60AD1-C1A2-4078-95AB-6FABDF1433F6}
		{4C747BD8-7231-4E56-A09D-637FFE6A20F8} = {3FE60AD1-C1A2-4078-95AB-6FABDF1433F6}
		{2C7983C2-B236-4890-8454-08FD791FB4B7} = {3FE60AD1-C1A2-4078-95AB-6FABDF1433F6}
		{88054BC6-1915-4B95-8E6F-E0701A557ED7} = {3FE60AD1-C1A2-4078-95AB-6FABDF1433F6}
		{30C219C7-563F-47B3-BB60-8101BD042552} = {3FE60AD1-C1A2-4078-95AB-6FABDF1433F6}
		{B9C65F0C-F084-4147-8DAB-F5BC5A4D9D77} = {3FE60AD1-C1A2-4078-95AB-6FABDF1433F6}
		{682CCA73-3C6D-4160-AD5B-FEA778E3B6C9} = {3FE60AD1-C1A2-4078-95AB-6FABDF1433F6}
		{B6121A8F-621B-43A0-AE70-3B0AEF97132F} = {3FE60AD1-C1A2-4078-95AB-6FABDF1433F6}
		{4961067E-D5D0-46F8-83FA-433CFC78980A} = {3FE60AD1-C1A2-4078-95AB-6FABDF1433F6}
		{EF9B6F11-B48F-40A0-801F-4C60A9605BBB} = {3FE60AD1-C1A2-4078-95AB-6FABDF1433F6}
		{83EC6635-98BA-4D07-A79B-1AA1607BBFB9} = {3FE60AD1-C1A2-4078-95AB-6FABDF1433F6}
		{8F509CA0-88F4-45E7-A887-65097B2E4C13} = {3FE60AD1-C1A2-4078-95AB-6FABDF1433F6}
		{7453552F-2978-4F41-8336-C8362405BF5A} = {3FE60AD1-C1A2-4078-95AB-6FABDF1433F6}
		{5B54FFED-8FC4-41F6-9205-78F5EE09500B} = {3FE60AD1-C1A2-4078-95AB-6FABDF1433F6}
		{99B282E5-1958-4559-99EB-B133F2DF7AB8} = {3FE60AD1-C1A2-4078-95AB-6FABDF1433F6}
		{3B51C892-0131-42C8-A4FC-92765BBB55D6} = {3FE60AD1-C1A2-4078-95AB-6FABDF1433F6}
		{504F9E82-7C28-4A84-9917-42F1FD96354C} = {3FE60AD1-C1A2-4078-95AB-6FABDF1433F6}
		{595A1F10-F131-4065-85F9-28F003ABDB10} = {3FE60AD1-C1A2-4078-95AB-6FABDF1433F6}
		{D42D71E0-C596-41B6-994A-0B510DECDF74} = {3FE60AD1-C1A2-4078-95AB-6FABDF1433F6}
		{570D2847-D738-4AF8-815C-CE1F91299AEA} = {3FE60AD1-C1A2-4078-95AB-6FABDF1433F6}
		{4FE282F3-2191-4AFA-B92C-CA39B60C6531} = {3FE60AD1-C1A2-4078-95AB-6FABDF1433F6}
		{C6EA3388-9364-401D-8156-4503088DAAB0} = {3FE60AD1-C1A2-4078-95AB-6FABDF1433F6}
		{B5B9EAC4-B301-41B0-88FD-B0B929B6CF9A} = {3FE60AD1-C1A2-4078-95AB-6FABDF1433F6}
		{B0C5C601-9483-473C-B566-F0247B70E810} = {3FE60AD1-C1A2-4078-95AB-6FABDF1433F6}
		{4EBDF8E1-8148-4477-8DE5-563D8EC0059B} = {3FE60AD1-C1A2-4078-95AB-6FABDF1433F6}
		{1DA1F379-46D2-4702-9032-D2C3C1FE5C73} = {3FE60AD1-C1A2-4078-95AB-6FABDF1433F6}
		{DABF4127-F129-41B9-BA19-82F622CFCD18} = {3FE60AD1-C1A2-4078-95AB-6FABDF1433F6}
		{FF860A62-2E89-44F7-84D6-55F77218E73A} = {3FE60AD1-C1A2-4078-95AB-6FABDF1433F6}
		{3A0DAF15-09E5-4329-96AF-9A2702E04D6E} = {3FE60AD1-C1A2-4078-95AB-6FABDF1433F6}
		{3CAD882D-44F9-4C72-96B7-A3107A5485DC} = {3FE60AD1-C1A2-4078-95AB-6FABDF1433F6}
		{EFD4F655-5C02-467C-A7C9-401049EDF1C4} = {3FE60AD1-C1A2-4078-95AB-6FABDF1433F6}
		{3855D760-F070-427B-86F0-5A197A5E7C60} = {3FE60AD1-C1A2-4078-95AB-6FABDF1433F6}
		{F642326E-2299-4566-8012-FDA4036912D1} = {3FE60AD1-C1A2-4078-95AB-6FABDF1433F6}
		{ACE033E3-E96C-4619-8109-A736DB2127DC} = {3FE60AD1-C1A2-4078-95AB-6FABDF1433F6}
		{4004C61A-F44E-492A-ADAD-2BEB1F526F70} = {3FE60AD1-C1A2-4078-95AB-6FABDF1433F6}
		{5499A532-794A-4233-9C3C-AC1F507DE6E7} = {3FE60AD1-C1A2-4078-95AB-6FABDF1433F6}
		{AECD2290-662E-49CE-B7F5-3E45A742E329} = {3FE60AD1-C1A2-4078-95AB-6FABDF1433F6}
		{58AF4F55-4CE3-4A35-932C-1A9C0EA93F6E} = {3FE60AD1-C1A2-4078-95AB-6FABDF1433F6}
		{77F3DF27-BA03-413E-9932-D52353C87497} = {3FE60AD1-C1A2-4078-95AB-6FABDF1433F6}
		{EFFC2788-95D9-419F-BB12-EC9F3D5E7AA3} = {3FE60AD1-C1A2-4078-95AB-6FABDF1433F6}
		{EB94A79F-21A9-4757-867F-5D5C53199376} = {3FE60AD1-C1A2-4078-95AB-6FABDF1433F6}
		{5FFBAE7A-D38E-4AE2-82DD-26B795A556C1} = {3FE60AD1-C1A2-4078-95AB-6FABDF1433F6}
		{E01D1290-CE0A-4A45-8BA5-07E8046EB299} = {3FE60AD1-C1A2-4078-95AB-6FABDF1433F6}
		{CC8AB56F-A481-419D-9F71-66D48C0A6539} = {3FE60AD1-C1A2-4078-95AB-6FABDF1433F6}
		{D6645F4D-B637-430F-8D8C-AD24AA85DEA5} = {3FE60AD1-C1A2-4078-95AB-6FABDF1433F6}
		{D297DD7A-7083-4905-AD14-0A4168265C03} = {3FE60AD1-C1A2-4078-95AB-6FABDF1433F6}
		{49D2200F-C971-444D-8ADD-7D636CD0A146} = {3FE60AD1-C1A2-4078-95AB-6FABDF1433F6}
		{482D3362-20A0-4E3F-9224-ABC124F8DAC0} = {3FE60AD1-C1A2-4078-95AB-6FABDF1433F6}
		{9AC61ECC-19A8-4D47-A469-7D52D9EA12BD} = {3FE60AD1-C1A2-4078-95AB-6FABDF1433F6}
		{0BA04E98-10CB-423C-B418-7DF25ED574BB} = {3FE60AD1-C1A2-4078-95AB-6FABDF1433F6}
		{92D2A923-9D27-4B25-A99B-440826CCEA9D} = {3FE60AD1-C1A2-4078-95AB-6FABDF1433F6}
		{5BDE2723-A7A9-4F51-A610-C374D30BBF4F} = {3FE60AD1-C1A2-4078-95AB-6FABDF1433F6}
		{E46B089C-CDC6-4BE6-BE20-A43EFA4A8729} = {3FE60AD1-C1A2-4078-95AB-6FABDF1433F6}
		{96F8699E-BF19-4480-9646-E4706E4142C3} = {3FE60AD1-C1A2-4078-95AB-6FABDF1433F6}
		{2859F4D1-4AD2-4231-89C4-4DA816DBA166} = {3FE60AD1-C1A2-4078-95AB-6FABDF1433F6}
		{A21899BC-12D2-45E1-A7C8-7126056A8FD3} = {3FE60AD1-C1A2-4078-95AB-6FABDF1433F6}
		{2D43BE18-121C-490B-B7FA-EBAE0E27AC35} = {3FE60AD1-C1A2-4078-95AB-6FABDF1433F6}
		{BC472A2C-AF79-4489-B140-DDA7030F2D54} = {3FE60AD1-C1A2-4078-95AB-6FABDF1433F6}
		{61FACD9F-BDE6-4721-B008-2A2964589552} = {3FE60AD1-C1A2-4078-95AB-6FABDF1433F6}
		{DC7323AF-82A5-4B53-9398-0384F3CAA5B0} = {3FE60AD1-C1A2-4078-95AB-6FABDF1433F6}
		{AA91E8A2-8A1F-4FFC-B48F-2193B8A95657} = {3FE60AD1-C1A2-4078-95AB-6FABDF1433F6}
		{35802849-A30F-41BD-A607-B51254223956} = {3FE60AD1-C1A2-4078-95AB-6FABDF1433F6}
		{A3CE6AB0-E701-4896-AE65-010DCBB1BE56} = {3FE60AD1-C1A2-4078-95AB-6FABDF1433F6}
		{385D1DE8-AAB0-4D32-9DEE-10DDA7C2CEF8} = {3FE60AD1-C1A2-4078-95AB-6FABDF1433F6}
		{A97A5AA1-CF03-45C3-892D-B6B5754434DB} = {3FE60AD1-C1A2-4078-95AB-6FABDF1433F6}
		{B306FE72-9FBF-47F9-927D-6D8FB290394F} = {3FE60AD1-C1A2-4078-95AB-6FABDF1433F6}
		{A13B66E6-1FBB-4DC0-AD28-B6E78B94CD98} = {3FE60AD1-C1A2-4078-95AB-6FABDF1433F6}
		{70792479-9CD1-4C82-B061-F12A0333F0DA} = {3FE60AD1-C1A2-4078-95AB-6FABDF1433F6}
		{4DF98107-69BD-484E-BC99-70191B4EAF73} = {3FE60AD1-C1A2-4078-95AB-6FABDF1433F6}
		{B1046366-D459-4175-86A1-4BADFA7895DF} = {3FE60AD1-C1A2-4078-95AB-6FABDF1433F6}
		{75D49BAD-62AE-45F5-B944-A37D7907CF5E} = {3FE60AD1-C1A2-4078-95AB-6FABDF1433F6}
	EndGlobalSection
	GlobalSection(SolutionConfigurationPlatforms) = preSolution
		Debug|Any CPU = Debug|Any CPU
		Release|Any CPU = Release|Any CPU
	EndGlobalSection
	GlobalSection(ProjectConfigurationPlatforms) = postSolution
		{B311D1F4-F6A2-4A95-8DAB-DB53333F572B}.Debug|Any CPU.ActiveCfg = Debug|Any CPU
		{B311D1F4-F6A2-4A95-8DAB-DB53333F572B}.Debug|Any CPU.Build.0 = Debug|Any CPU
		{B311D1F4-F6A2-4A95-8DAB-DB53333F572B}.Release|Any CPU.ActiveCfg = Release|Any CPU
		{B311D1F4-F6A2-4A95-8DAB-DB53333F572B}.Release|Any CPU.Build.0 = Release|Any CPU
		{86D087A8-3720-461A-8AD0-B3F4160AA4D4}.Debug|Any CPU.ActiveCfg = Debug|Any CPU
		{86D087A8-3720-461A-8AD0-B3F4160AA4D4}.Debug|Any CPU.Build.0 = Debug|Any CPU
		{86D087A8-3720-461A-8AD0-B3F4160AA4D4}.Release|Any CPU.ActiveCfg = Release|Any CPU
		{86D087A8-3720-461A-8AD0-B3F4160AA4D4}.Release|Any CPU.Build.0 = Release|Any CPU
		{F5DB8481-836B-47CD-A80D-0792A8F54448}.Debug|Any CPU.ActiveCfg = Debug|Any CPU
		{F5DB8481-836B-47CD-A80D-0792A8F54448}.Debug|Any CPU.Build.0 = Debug|Any CPU
		{F5DB8481-836B-47CD-A80D-0792A8F54448}.Release|Any CPU.ActiveCfg = Release|Any CPU
		{F5DB8481-836B-47CD-A80D-0792A8F54448}.Release|Any CPU.Build.0 = Release|Any CPU
		{9B88CA52-8EC0-4C13-B789-5907EF22C55E}.Debug|Any CPU.ActiveCfg = Debug|Any CPU
		{9B88CA52-8EC0-4C13-B789-5907EF22C55E}.Debug|Any CPU.Build.0 = Debug|Any CPU
		{9B88CA52-8EC0-4C13-B789-5907EF22C55E}.Release|Any CPU.ActiveCfg = Release|Any CPU
		{9B88CA52-8EC0-4C13-B789-5907EF22C55E}.Release|Any CPU.Build.0 = Release|Any CPU
		{D07F28ED-E302-4C46-A5CC-FE944FC38E96}.Debug|Any CPU.ActiveCfg = Debug|Any CPU
		{D07F28ED-E302-4C46-A5CC-FE944FC38E96}.Debug|Any CPU.Build.0 = Debug|Any CPU
		{D07F28ED-E302-4C46-A5CC-FE944FC38E96}.Release|Any CPU.ActiveCfg = Release|Any CPU
		{D07F28ED-E302-4C46-A5CC-FE944FC38E96}.Release|Any CPU.Build.0 = Release|Any CPU
		{20800BDB-2024-436A-9D28-096CD600D099}.Debug|Any CPU.ActiveCfg = Debug|Any CPU
		{20800BDB-2024-436A-9D28-096CD600D099}.Debug|Any CPU.Build.0 = Debug|Any CPU
		{20800BDB-2024-436A-9D28-096CD600D099}.Release|Any CPU.ActiveCfg = Release|Any CPU
		{20800BDB-2024-436A-9D28-096CD600D099}.Release|Any CPU.Build.0 = Release|Any CPU
		{A6E6325F-E0CB-46DB-A5EB-E1C3AB85F22A}.Debug|Any CPU.ActiveCfg = Debug|Any CPU
		{A6E6325F-E0CB-46DB-A5EB-E1C3AB85F22A}.Debug|Any CPU.Build.0 = Debug|Any CPU
		{A6E6325F-E0CB-46DB-A5EB-E1C3AB85F22A}.Release|Any CPU.ActiveCfg = Release|Any CPU
		{A6E6325F-E0CB-46DB-A5EB-E1C3AB85F22A}.Release|Any CPU.Build.0 = Release|Any CPU
		{114339F9-6425-4DF3-8406-D7A0F54AF417}.Debug|Any CPU.ActiveCfg = Debug|Any CPU
		{114339F9-6425-4DF3-8406-D7A0F54AF417}.Debug|Any CPU.Build.0 = Debug|Any CPU
		{114339F9-6425-4DF3-8406-D7A0F54AF417}.Release|Any CPU.ActiveCfg = Release|Any CPU
		{114339F9-6425-4DF3-8406-D7A0F54AF417}.Release|Any CPU.Build.0 = Release|Any CPU
		{4C747BD8-7231-4E56-A09D-637FFE6A20F8}.Debug|Any CPU.ActiveCfg = Debug|Any CPU
		{4C747BD8-7231-4E56-A09D-637FFE6A20F8}.Debug|Any CPU.Build.0 = Debug|Any CPU
		{4C747BD8-7231-4E56-A09D-637FFE6A20F8}.Release|Any CPU.ActiveCfg = Release|Any CPU
		{4C747BD8-7231-4E56-A09D-637FFE6A20F8}.Release|Any CPU.Build.0 = Release|Any CPU
		{2C7983C2-B236-4890-8454-08FD791FB4B7}.Debug|Any CPU.ActiveCfg = Debug|Any CPU
		{2C7983C2-B236-4890-8454-08FD791FB4B7}.Debug|Any CPU.Build.0 = Debug|Any CPU
		{2C7983C2-B236-4890-8454-08FD791FB4B7}.Release|Any CPU.ActiveCfg = Release|Any CPU
		{2C7983C2-B236-4890-8454-08FD791FB4B7}.Release|Any CPU.Build.0 = Release|Any CPU
		{88054BC6-1915-4B95-8E6F-E0701A557ED7}.Debug|Any CPU.ActiveCfg = Debug|Any CPU
		{88054BC6-1915-4B95-8E6F-E0701A557ED7}.Debug|Any CPU.Build.0 = Debug|Any CPU
		{88054BC6-1915-4B95-8E6F-E0701A557ED7}.Release|Any CPU.ActiveCfg = Release|Any CPU
		{88054BC6-1915-4B95-8E6F-E0701A557ED7}.Release|Any CPU.Build.0 = Release|Any CPU
		{30C219C7-563F-47B3-BB60-8101BD042552}.Debug|Any CPU.ActiveCfg = Debug|Any CPU
		{30C219C7-563F-47B3-BB60-8101BD042552}.Debug|Any CPU.Build.0 = Debug|Any CPU
		{30C219C7-563F-47B3-BB60-8101BD042552}.Release|Any CPU.ActiveCfg = Release|Any CPU
		{30C219C7-563F-47B3-BB60-8101BD042552}.Release|Any CPU.Build.0 = Release|Any CPU
		{B9C65F0C-F084-4147-8DAB-F5BC5A4D9D77}.Debug|Any CPU.ActiveCfg = Debug|Any CPU
		{B9C65F0C-F084-4147-8DAB-F5BC5A4D9D77}.Debug|Any CPU.Build.0 = Debug|Any CPU
		{B9C65F0C-F084-4147-8DAB-F5BC5A4D9D77}.Release|Any CPU.ActiveCfg = Release|Any CPU
		{B9C65F0C-F084-4147-8DAB-F5BC5A4D9D77}.Release|Any CPU.Build.0 = Release|Any CPU
		{682CCA73-3C6D-4160-AD5B-FEA778E3B6C9}.Debug|Any CPU.ActiveCfg = Debug|Any CPU
		{682CCA73-3C6D-4160-AD5B-FEA778E3B6C9}.Debug|Any CPU.Build.0 = Debug|Any CPU
		{682CCA73-3C6D-4160-AD5B-FEA778E3B6C9}.Release|Any CPU.ActiveCfg = Release|Any CPU
		{682CCA73-3C6D-4160-AD5B-FEA778E3B6C9}.Release|Any CPU.Build.0 = Release|Any CPU
		{15D03742-2268-41E1-86BF-59DC1A8DE21E}.Debug|Any CPU.ActiveCfg = Debug|Any CPU
		{15D03742-2268-41E1-86BF-59DC1A8DE21E}.Debug|Any CPU.Build.0 = Debug|Any CPU
		{15D03742-2268-41E1-86BF-59DC1A8DE21E}.Release|Any CPU.ActiveCfg = Release|Any CPU
		{15D03742-2268-41E1-86BF-59DC1A8DE21E}.Release|Any CPU.Build.0 = Release|Any CPU
		{B6121A8F-621B-43A0-AE70-3B0AEF97132F}.Debug|Any CPU.ActiveCfg = Debug|Any CPU
		{B6121A8F-621B-43A0-AE70-3B0AEF97132F}.Debug|Any CPU.Build.0 = Debug|Any CPU
		{B6121A8F-621B-43A0-AE70-3B0AEF97132F}.Release|Any CPU.ActiveCfg = Release|Any CPU
		{B6121A8F-621B-43A0-AE70-3B0AEF97132F}.Release|Any CPU.Build.0 = Release|Any CPU
		{4961067E-D5D0-46F8-83FA-433CFC78980A}.Debug|Any CPU.ActiveCfg = Debug|Any CPU
		{4961067E-D5D0-46F8-83FA-433CFC78980A}.Debug|Any CPU.Build.0 = Debug|Any CPU
		{4961067E-D5D0-46F8-83FA-433CFC78980A}.Release|Any CPU.ActiveCfg = Release|Any CPU
		{4961067E-D5D0-46F8-83FA-433CFC78980A}.Release|Any CPU.Build.0 = Release|Any CPU
		{EF9B6F11-B48F-40A0-801F-4C60A9605BBB}.Debug|Any CPU.ActiveCfg = Debug|Any CPU
		{EF9B6F11-B48F-40A0-801F-4C60A9605BBB}.Debug|Any CPU.Build.0 = Debug|Any CPU
		{EF9B6F11-B48F-40A0-801F-4C60A9605BBB}.Release|Any CPU.ActiveCfg = Release|Any CPU
		{EF9B6F11-B48F-40A0-801F-4C60A9605BBB}.Release|Any CPU.Build.0 = Release|Any CPU
		{83EC6635-98BA-4D07-A79B-1AA1607BBFB9}.Debug|Any CPU.ActiveCfg = Debug|Any CPU
		{83EC6635-98BA-4D07-A79B-1AA1607BBFB9}.Debug|Any CPU.Build.0 = Debug|Any CPU
		{83EC6635-98BA-4D07-A79B-1AA1607BBFB9}.Release|Any CPU.ActiveCfg = Release|Any CPU
		{83EC6635-98BA-4D07-A79B-1AA1607BBFB9}.Release|Any CPU.Build.0 = Release|Any CPU
		{8F509CA0-88F4-45E7-A887-65097B2E4C13}.Debug|Any CPU.ActiveCfg = Debug|Any CPU
		{8F509CA0-88F4-45E7-A887-65097B2E4C13}.Debug|Any CPU.Build.0 = Debug|Any CPU
		{8F509CA0-88F4-45E7-A887-65097B2E4C13}.Release|Any CPU.ActiveCfg = Release|Any CPU
		{8F509CA0-88F4-45E7-A887-65097B2E4C13}.Release|Any CPU.Build.0 = Release|Any CPU
		{7453552F-2978-4F41-8336-C8362405BF5A}.Debug|Any CPU.ActiveCfg = Debug|Any CPU
		{7453552F-2978-4F41-8336-C8362405BF5A}.Debug|Any CPU.Build.0 = Debug|Any CPU
		{7453552F-2978-4F41-8336-C8362405BF5A}.Release|Any CPU.ActiveCfg = Release|Any CPU
		{7453552F-2978-4F41-8336-C8362405BF5A}.Release|Any CPU.Build.0 = Release|Any CPU
		{5B54FFED-8FC4-41F6-9205-78F5EE09500B}.Debug|Any CPU.ActiveCfg = Debug|Any CPU
		{5B54FFED-8FC4-41F6-9205-78F5EE09500B}.Debug|Any CPU.Build.0 = Debug|Any CPU
		{5B54FFED-8FC4-41F6-9205-78F5EE09500B}.Release|Any CPU.ActiveCfg = Release|Any CPU
		{5B54FFED-8FC4-41F6-9205-78F5EE09500B}.Release|Any CPU.Build.0 = Release|Any CPU
		{99B282E5-1958-4559-99EB-B133F2DF7AB8}.Debug|Any CPU.ActiveCfg = Debug|Any CPU
		{99B282E5-1958-4559-99EB-B133F2DF7AB8}.Debug|Any CPU.Build.0 = Debug|Any CPU
		{99B282E5-1958-4559-99EB-B133F2DF7AB8}.Release|Any CPU.ActiveCfg = Release|Any CPU
		{99B282E5-1958-4559-99EB-B133F2DF7AB8}.Release|Any CPU.Build.0 = Release|Any CPU
		{3B51C892-0131-42C8-A4FC-92765BBB55D6}.Debug|Any CPU.ActiveCfg = Debug|Any CPU
		{3B51C892-0131-42C8-A4FC-92765BBB55D6}.Debug|Any CPU.Build.0 = Debug|Any CPU
		{3B51C892-0131-42C8-A4FC-92765BBB55D6}.Release|Any CPU.ActiveCfg = Release|Any CPU
		{3B51C892-0131-42C8-A4FC-92765BBB55D6}.Release|Any CPU.Build.0 = Release|Any CPU
		{504F9E82-7C28-4A84-9917-42F1FD96354C}.Debug|Any CPU.ActiveCfg = Debug|Any CPU
		{504F9E82-7C28-4A84-9917-42F1FD96354C}.Debug|Any CPU.Build.0 = Debug|Any CPU
		{504F9E82-7C28-4A84-9917-42F1FD96354C}.Release|Any CPU.ActiveCfg = Release|Any CPU
		{504F9E82-7C28-4A84-9917-42F1FD96354C}.Release|Any CPU.Build.0 = Release|Any CPU
		{595A1F10-F131-4065-85F9-28F003ABDB10}.Debug|Any CPU.ActiveCfg = Debug|Any CPU
		{595A1F10-F131-4065-85F9-28F003ABDB10}.Debug|Any CPU.Build.0 = Debug|Any CPU
		{595A1F10-F131-4065-85F9-28F003ABDB10}.Release|Any CPU.ActiveCfg = Release|Any CPU
		{595A1F10-F131-4065-85F9-28F003ABDB10}.Release|Any CPU.Build.0 = Release|Any CPU
		{D42D71E0-C596-41B6-994A-0B510DECDF74}.Debug|Any CPU.ActiveCfg = Debug|Any CPU
		{D42D71E0-C596-41B6-994A-0B510DECDF74}.Debug|Any CPU.Build.0 = Debug|Any CPU
		{D42D71E0-C596-41B6-994A-0B510DECDF74}.Release|Any CPU.ActiveCfg = Release|Any CPU
		{D42D71E0-C596-41B6-994A-0B510DECDF74}.Release|Any CPU.Build.0 = Release|Any CPU
		{570D2847-D738-4AF8-815C-CE1F91299AEA}.Debug|Any CPU.ActiveCfg = Debug|Any CPU
		{570D2847-D738-4AF8-815C-CE1F91299AEA}.Debug|Any CPU.Build.0 = Debug|Any CPU
		{570D2847-D738-4AF8-815C-CE1F91299AEA}.Release|Any CPU.ActiveCfg = Release|Any CPU
		{570D2847-D738-4AF8-815C-CE1F91299AEA}.Release|Any CPU.Build.0 = Release|Any CPU
		{4FE282F3-2191-4AFA-B92C-CA39B60C6531}.Debug|Any CPU.ActiveCfg = Debug|Any CPU
		{4FE282F3-2191-4AFA-B92C-CA39B60C6531}.Debug|Any CPU.Build.0 = Debug|Any CPU
		{4FE282F3-2191-4AFA-B92C-CA39B60C6531}.Release|Any CPU.ActiveCfg = Release|Any CPU
		{4FE282F3-2191-4AFA-B92C-CA39B60C6531}.Release|Any CPU.Build.0 = Release|Any CPU
		{C6EA3388-9364-401D-8156-4503088DAAB0}.Debug|Any CPU.ActiveCfg = Debug|Any CPU
		{C6EA3388-9364-401D-8156-4503088DAAB0}.Debug|Any CPU.Build.0 = Debug|Any CPU
		{C6EA3388-9364-401D-8156-4503088DAAB0}.Release|Any CPU.ActiveCfg = Release|Any CPU
		{C6EA3388-9364-401D-8156-4503088DAAB0}.Release|Any CPU.Build.0 = Release|Any CPU
		{B5B9EAC4-B301-41B0-88FD-B0B929B6CF9A}.Debug|Any CPU.ActiveCfg = Debug|Any CPU
		{B5B9EAC4-B301-41B0-88FD-B0B929B6CF9A}.Debug|Any CPU.Build.0 = Debug|Any CPU
		{B5B9EAC4-B301-41B0-88FD-B0B929B6CF9A}.Release|Any CPU.ActiveCfg = Release|Any CPU
		{B5B9EAC4-B301-41B0-88FD-B0B929B6CF9A}.Release|Any CPU.Build.0 = Release|Any CPU
		{B0C5C601-9483-473C-B566-F0247B70E810}.Debug|Any CPU.ActiveCfg = Debug|Any CPU
		{B0C5C601-9483-473C-B566-F0247B70E810}.Debug|Any CPU.Build.0 = Debug|Any CPU
		{B0C5C601-9483-473C-B566-F0247B70E810}.Release|Any CPU.ActiveCfg = Release|Any CPU
		{B0C5C601-9483-473C-B566-F0247B70E810}.Release|Any CPU.Build.0 = Release|Any CPU
		{4EBDF8E1-8148-4477-8DE5-563D8EC0059B}.Debug|Any CPU.ActiveCfg = Debug|Any CPU
		{4EBDF8E1-8148-4477-8DE5-563D8EC0059B}.Debug|Any CPU.Build.0 = Debug|Any CPU
		{4EBDF8E1-8148-4477-8DE5-563D8EC0059B}.Release|Any CPU.ActiveCfg = Release|Any CPU
		{4EBDF8E1-8148-4477-8DE5-563D8EC0059B}.Release|Any CPU.Build.0 = Release|Any CPU
		{1DA1F379-46D2-4702-9032-D2C3C1FE5C73}.Debug|Any CPU.ActiveCfg = Debug|Any CPU
		{1DA1F379-46D2-4702-9032-D2C3C1FE5C73}.Debug|Any CPU.Build.0 = Debug|Any CPU
		{1DA1F379-46D2-4702-9032-D2C3C1FE5C73}.Release|Any CPU.ActiveCfg = Release|Any CPU
		{1DA1F379-46D2-4702-9032-D2C3C1FE5C73}.Release|Any CPU.Build.0 = Release|Any CPU
		{DABF4127-F129-41B9-BA19-82F622CFCD18}.Debug|Any CPU.ActiveCfg = Debug|Any CPU
		{DABF4127-F129-41B9-BA19-82F622CFCD18}.Debug|Any CPU.Build.0 = Debug|Any CPU
		{DABF4127-F129-41B9-BA19-82F622CFCD18}.Release|Any CPU.ActiveCfg = Release|Any CPU
		{DABF4127-F129-41B9-BA19-82F622CFCD18}.Release|Any CPU.Build.0 = Release|Any CPU
		{FF860A62-2E89-44F7-84D6-55F77218E73A}.Debug|Any CPU.ActiveCfg = Debug|Any CPU
		{FF860A62-2E89-44F7-84D6-55F77218E73A}.Debug|Any CPU.Build.0 = Debug|Any CPU
		{FF860A62-2E89-44F7-84D6-55F77218E73A}.Release|Any CPU.ActiveCfg = Release|Any CPU
		{FF860A62-2E89-44F7-84D6-55F77218E73A}.Release|Any CPU.Build.0 = Release|Any CPU
		{3A0DAF15-09E5-4329-96AF-9A2702E04D6E}.Debug|Any CPU.ActiveCfg = Debug|Any CPU
		{3A0DAF15-09E5-4329-96AF-9A2702E04D6E}.Debug|Any CPU.Build.0 = Debug|Any CPU
		{3A0DAF15-09E5-4329-96AF-9A2702E04D6E}.Release|Any CPU.ActiveCfg = Release|Any CPU
		{3A0DAF15-09E5-4329-96AF-9A2702E04D6E}.Release|Any CPU.Build.0 = Release|Any CPU
		{3CAD882D-44F9-4C72-96B7-A3107A5485DC}.Debug|Any CPU.ActiveCfg = Debug|Any CPU
		{3CAD882D-44F9-4C72-96B7-A3107A5485DC}.Debug|Any CPU.Build.0 = Debug|Any CPU
		{3CAD882D-44F9-4C72-96B7-A3107A5485DC}.Release|Any CPU.ActiveCfg = Release|Any CPU
		{3CAD882D-44F9-4C72-96B7-A3107A5485DC}.Release|Any CPU.Build.0 = Release|Any CPU
		{EFD4F655-5C02-467C-A7C9-401049EDF1C4}.Debug|Any CPU.ActiveCfg = Debug|Any CPU
		{EFD4F655-5C02-467C-A7C9-401049EDF1C4}.Debug|Any CPU.Build.0 = Debug|Any CPU
		{EFD4F655-5C02-467C-A7C9-401049EDF1C4}.Release|Any CPU.ActiveCfg = Release|Any CPU
		{EFD4F655-5C02-467C-A7C9-401049EDF1C4}.Release|Any CPU.Build.0 = Release|Any CPU
		{3855D760-F070-427B-86F0-5A197A5E7C60}.Debug|Any CPU.ActiveCfg = Debug|Any CPU
		{3855D760-F070-427B-86F0-5A197A5E7C60}.Debug|Any CPU.Build.0 = Debug|Any CPU
		{3855D760-F070-427B-86F0-5A197A5E7C60}.Release|Any CPU.ActiveCfg = Release|Any CPU
		{3855D760-F070-427B-86F0-5A197A5E7C60}.Release|Any CPU.Build.0 = Release|Any CPU
		{F642326E-2299-4566-8012-FDA4036912D1}.Debug|Any CPU.ActiveCfg = Debug|Any CPU
		{F642326E-2299-4566-8012-FDA4036912D1}.Debug|Any CPU.Build.0 = Debug|Any CPU
		{F642326E-2299-4566-8012-FDA4036912D1}.Release|Any CPU.ActiveCfg = Release|Any CPU
		{F642326E-2299-4566-8012-FDA4036912D1}.Release|Any CPU.Build.0 = Release|Any CPU
		{ACE033E3-E96C-4619-8109-A736DB2127DC}.Debug|Any CPU.ActiveCfg = Debug|Any CPU
		{ACE033E3-E96C-4619-8109-A736DB2127DC}.Debug|Any CPU.Build.0 = Debug|Any CPU
		{ACE033E3-E96C-4619-8109-A736DB2127DC}.Release|Any CPU.ActiveCfg = Release|Any CPU
		{ACE033E3-E96C-4619-8109-A736DB2127DC}.Release|Any CPU.Build.0 = Release|Any CPU
		{4004C61A-F44E-492A-ADAD-2BEB1F526F70}.Debug|Any CPU.ActiveCfg = Debug|Any CPU
		{4004C61A-F44E-492A-ADAD-2BEB1F526F70}.Debug|Any CPU.Build.0 = Debug|Any CPU
		{4004C61A-F44E-492A-ADAD-2BEB1F526F70}.Release|Any CPU.ActiveCfg = Release|Any CPU
		{4004C61A-F44E-492A-ADAD-2BEB1F526F70}.Release|Any CPU.Build.0 = Release|Any CPU
		{5499A532-794A-4233-9C3C-AC1F507DE6E7}.Debug|Any CPU.ActiveCfg = Debug|Any CPU
		{5499A532-794A-4233-9C3C-AC1F507DE6E7}.Debug|Any CPU.Build.0 = Debug|Any CPU
		{5499A532-794A-4233-9C3C-AC1F507DE6E7}.Release|Any CPU.ActiveCfg = Release|Any CPU
		{5499A532-794A-4233-9C3C-AC1F507DE6E7}.Release|Any CPU.Build.0 = Release|Any CPU
		{AECD2290-662E-49CE-B7F5-3E45A742E329}.Debug|Any CPU.ActiveCfg = Debug|Any CPU
		{AECD2290-662E-49CE-B7F5-3E45A742E329}.Debug|Any CPU.Build.0 = Debug|Any CPU
		{AECD2290-662E-49CE-B7F5-3E45A742E329}.Release|Any CPU.ActiveCfg = Release|Any CPU
		{AECD2290-662E-49CE-B7F5-3E45A742E329}.Release|Any CPU.Build.0 = Release|Any CPU
		{58AF4F55-4CE3-4A35-932C-1A9C0EA93F6E}.Debug|Any CPU.ActiveCfg = Debug|Any CPU
		{58AF4F55-4CE3-4A35-932C-1A9C0EA93F6E}.Debug|Any CPU.Build.0 = Debug|Any CPU
		{58AF4F55-4CE3-4A35-932C-1A9C0EA93F6E}.Release|Any CPU.ActiveCfg = Release|Any CPU
		{58AF4F55-4CE3-4A35-932C-1A9C0EA93F6E}.Release|Any CPU.Build.0 = Release|Any CPU
		{77F3DF27-BA03-413E-9932-D52353C87497}.Debug|Any CPU.ActiveCfg = Debug|Any CPU
		{77F3DF27-BA03-413E-9932-D52353C87497}.Debug|Any CPU.Build.0 = Debug|Any CPU
		{77F3DF27-BA03-413E-9932-D52353C87497}.Release|Any CPU.ActiveCfg = Release|Any CPU
		{77F3DF27-BA03-413E-9932-D52353C87497}.Release|Any CPU.Build.0 = Release|Any CPU
		{EFFC2788-95D9-419F-BB12-EC9F3D5E7AA3}.Debug|Any CPU.ActiveCfg = Debug|Any CPU
		{EFFC2788-95D9-419F-BB12-EC9F3D5E7AA3}.Debug|Any CPU.Build.0 = Debug|Any CPU
		{EFFC2788-95D9-419F-BB12-EC9F3D5E7AA3}.Release|Any CPU.ActiveCfg = Release|Any CPU
		{EFFC2788-95D9-419F-BB12-EC9F3D5E7AA3}.Release|Any CPU.Build.0 = Release|Any CPU
		{EB94A79F-21A9-4757-867F-5D5C53199376}.Debug|Any CPU.ActiveCfg = Debug|Any CPU
		{EB94A79F-21A9-4757-867F-5D5C53199376}.Debug|Any CPU.Build.0 = Debug|Any CPU
		{EB94A79F-21A9-4757-867F-5D5C53199376}.Release|Any CPU.ActiveCfg = Release|Any CPU
		{EB94A79F-21A9-4757-867F-5D5C53199376}.Release|Any CPU.Build.0 = Release|Any CPU
		{5FFBAE7A-D38E-4AE2-82DD-26B795A556C1}.Debug|Any CPU.ActiveCfg = Debug|Any CPU
		{5FFBAE7A-D38E-4AE2-82DD-26B795A556C1}.Debug|Any CPU.Build.0 = Debug|Any CPU
		{5FFBAE7A-D38E-4AE2-82DD-26B795A556C1}.Release|Any CPU.ActiveCfg = Release|Any CPU
		{5FFBAE7A-D38E-4AE2-82DD-26B795A556C1}.Release|Any CPU.Build.0 = Release|Any CPU
		{E01D1290-CE0A-4A45-8BA5-07E8046EB299}.Debug|Any CPU.ActiveCfg = Debug|Any CPU
		{E01D1290-CE0A-4A45-8BA5-07E8046EB299}.Debug|Any CPU.Build.0 = Debug|Any CPU
		{E01D1290-CE0A-4A45-8BA5-07E8046EB299}.Release|Any CPU.ActiveCfg = Release|Any CPU
		{E01D1290-CE0A-4A45-8BA5-07E8046EB299}.Release|Any CPU.Build.0 = Release|Any CPU
		{CC8AB56F-A481-419D-9F71-66D48C0A6539}.Debug|Any CPU.ActiveCfg = Debug|Any CPU
		{CC8AB56F-A481-419D-9F71-66D48C0A6539}.Debug|Any CPU.Build.0 = Debug|Any CPU
		{CC8AB56F-A481-419D-9F71-66D48C0A6539}.Release|Any CPU.ActiveCfg = Release|Any CPU
		{CC8AB56F-A481-419D-9F71-66D48C0A6539}.Release|Any CPU.Build.0 = Release|Any CPU
		{D6645F4D-B637-430F-8D8C-AD24AA85DEA5}.Debug|Any CPU.ActiveCfg = Debug|Any CPU
		{D6645F4D-B637-430F-8D8C-AD24AA85DEA5}.Debug|Any CPU.Build.0 = Debug|Any CPU
		{D6645F4D-B637-430F-8D8C-AD24AA85DEA5}.Release|Any CPU.ActiveCfg = Release|Any CPU
		{D6645F4D-B637-430F-8D8C-AD24AA85DEA5}.Release|Any CPU.Build.0 = Release|Any CPU
		{D297DD7A-7083-4905-AD14-0A4168265C03}.Debug|Any CPU.ActiveCfg = Debug|Any CPU
		{D297DD7A-7083-4905-AD14-0A4168265C03}.Debug|Any CPU.Build.0 = Debug|Any CPU
		{D297DD7A-7083-4905-AD14-0A4168265C03}.Release|Any CPU.ActiveCfg = Release|Any CPU
		{D297DD7A-7083-4905-AD14-0A4168265C03}.Release|Any CPU.Build.0 = Release|Any CPU
		{49D2200F-C971-444D-8ADD-7D636CD0A146}.Debug|Any CPU.ActiveCfg = Debug|Any CPU
		{49D2200F-C971-444D-8ADD-7D636CD0A146}.Debug|Any CPU.Build.0 = Debug|Any CPU
		{49D2200F-C971-444D-8ADD-7D636CD0A146}.Release|Any CPU.ActiveCfg = Release|Any CPU
		{49D2200F-C971-444D-8ADD-7D636CD0A146}.Release|Any CPU.Build.0 = Release|Any CPU
		{482D3362-20A0-4E3F-9224-ABC124F8DAC0}.Debug|Any CPU.ActiveCfg = Debug|Any CPU
		{482D3362-20A0-4E3F-9224-ABC124F8DAC0}.Debug|Any CPU.Build.0 = Debug|Any CPU
		{482D3362-20A0-4E3F-9224-ABC124F8DAC0}.Release|Any CPU.ActiveCfg = Release|Any CPU
		{482D3362-20A0-4E3F-9224-ABC124F8DAC0}.Release|Any CPU.Build.0 = Release|Any CPU
		{9AC61ECC-19A8-4D47-A469-7D52D9EA12BD}.Debug|Any CPU.ActiveCfg = Debug|Any CPU
		{9AC61ECC-19A8-4D47-A469-7D52D9EA12BD}.Debug|Any CPU.Build.0 = Debug|Any CPU
		{9AC61ECC-19A8-4D47-A469-7D52D9EA12BD}.Release|Any CPU.ActiveCfg = Release|Any CPU
		{9AC61ECC-19A8-4D47-A469-7D52D9EA12BD}.Release|Any CPU.Build.0 = Release|Any CPU
		{0BA04E98-10CB-423C-B418-7DF25ED574BB}.Debug|Any CPU.ActiveCfg = Debug|Any CPU
		{0BA04E98-10CB-423C-B418-7DF25ED574BB}.Debug|Any CPU.Build.0 = Debug|Any CPU
		{0BA04E98-10CB-423C-B418-7DF25ED574BB}.Release|Any CPU.ActiveCfg = Release|Any CPU
		{0BA04E98-10CB-423C-B418-7DF25ED574BB}.Release|Any CPU.Build.0 = Release|Any CPU
		{92D2A923-9D27-4B25-A99B-440826CCEA9D}.Debug|Any CPU.ActiveCfg = Debug|Any CPU
		{92D2A923-9D27-4B25-A99B-440826CCEA9D}.Debug|Any CPU.Build.0 = Debug|Any CPU
		{92D2A923-9D27-4B25-A99B-440826CCEA9D}.Release|Any CPU.ActiveCfg = Release|Any CPU
		{92D2A923-9D27-4B25-A99B-440826CCEA9D}.Release|Any CPU.Build.0 = Release|Any CPU
		{5BDE2723-A7A9-4F51-A610-C374D30BBF4F}.Debug|Any CPU.ActiveCfg = Debug|Any CPU
		{5BDE2723-A7A9-4F51-A610-C374D30BBF4F}.Debug|Any CPU.Build.0 = Debug|Any CPU
		{5BDE2723-A7A9-4F51-A610-C374D30BBF4F}.Release|Any CPU.ActiveCfg = Release|Any CPU
		{5BDE2723-A7A9-4F51-A610-C374D30BBF4F}.Release|Any CPU.Build.0 = Release|Any CPU
		{E46B089C-CDC6-4BE6-BE20-A43EFA4A8729}.Debug|Any CPU.ActiveCfg = Debug|Any CPU
		{E46B089C-CDC6-4BE6-BE20-A43EFA4A8729}.Debug|Any CPU.Build.0 = Debug|Any CPU
		{E46B089C-CDC6-4BE6-BE20-A43EFA4A8729}.Release|Any CPU.ActiveCfg = Release|Any CPU
		{E46B089C-CDC6-4BE6-BE20-A43EFA4A8729}.Release|Any CPU.Build.0 = Release|Any CPU
		{96F8699E-BF19-4480-9646-E4706E4142C3}.Debug|Any CPU.ActiveCfg = Debug|Any CPU
		{96F8699E-BF19-4480-9646-E4706E4142C3}.Debug|Any CPU.Build.0 = Debug|Any CPU
		{96F8699E-BF19-4480-9646-E4706E4142C3}.Release|Any CPU.ActiveCfg = Release|Any CPU
		{96F8699E-BF19-4480-9646-E4706E4142C3}.Release|Any CPU.Build.0 = Release|Any CPU
		{97ECE1B1-E803-4444-8147-A29883B15D6B}.Debug|Any CPU.ActiveCfg = Debug|Any CPU
		{97ECE1B1-E803-4444-8147-A29883B15D6B}.Debug|Any CPU.Build.0 = Debug|Any CPU
		{97ECE1B1-E803-4444-8147-A29883B15D6B}.Release|Any CPU.ActiveCfg = Release|Any CPU
		{97ECE1B1-E803-4444-8147-A29883B15D6B}.Release|Any CPU.Build.0 = Release|Any CPU
		{2859F4D1-4AD2-4231-89C4-4DA816DBA166}.Debug|Any CPU.ActiveCfg = Debug|Any CPU
		{2859F4D1-4AD2-4231-89C4-4DA816DBA166}.Debug|Any CPU.Build.0 = Debug|Any CPU
		{2859F4D1-4AD2-4231-89C4-4DA816DBA166}.Release|Any CPU.ActiveCfg = Release|Any CPU
		{2859F4D1-4AD2-4231-89C4-4DA816DBA166}.Release|Any CPU.Build.0 = Release|Any CPU
		{A21899BC-12D2-45E1-A7C8-7126056A8FD3}.Debug|Any CPU.ActiveCfg = Debug|Any CPU
		{A21899BC-12D2-45E1-A7C8-7126056A8FD3}.Debug|Any CPU.Build.0 = Debug|Any CPU
		{A21899BC-12D2-45E1-A7C8-7126056A8FD3}.Release|Any CPU.ActiveCfg = Release|Any CPU
		{A21899BC-12D2-45E1-A7C8-7126056A8FD3}.Release|Any CPU.Build.0 = Release|Any CPU
		{2D43BE18-121C-490B-B7FA-EBAE0E27AC35}.Debug|Any CPU.ActiveCfg = Debug|Any CPU
		{2D43BE18-121C-490B-B7FA-EBAE0E27AC35}.Debug|Any CPU.Build.0 = Debug|Any CPU
		{2D43BE18-121C-490B-B7FA-EBAE0E27AC35}.Release|Any CPU.ActiveCfg = Release|Any CPU
		{2D43BE18-121C-490B-B7FA-EBAE0E27AC35}.Release|Any CPU.Build.0 = Release|Any CPU
		{BC472A2C-AF79-4489-B140-DDA7030F2D54}.Debug|Any CPU.ActiveCfg = Debug|Any CPU
		{BC472A2C-AF79-4489-B140-DDA7030F2D54}.Debug|Any CPU.Build.0 = Debug|Any CPU
		{BC472A2C-AF79-4489-B140-DDA7030F2D54}.Release|Any CPU.ActiveCfg = Release|Any CPU
		{BC472A2C-AF79-4489-B140-DDA7030F2D54}.Release|Any CPU.Build.0 = Release|Any CPU
		{61FACD9F-BDE6-4721-B008-2A2964589552}.Debug|Any CPU.ActiveCfg = Debug|Any CPU
		{61FACD9F-BDE6-4721-B008-2A2964589552}.Debug|Any CPU.Build.0 = Debug|Any CPU
		{61FACD9F-BDE6-4721-B008-2A2964589552}.Release|Any CPU.ActiveCfg = Release|Any CPU
		{61FACD9F-BDE6-4721-B008-2A2964589552}.Release|Any CPU.Build.0 = Release|Any CPU
		{DC7323AF-82A5-4B53-9398-0384F3CAA5B0}.Debug|Any CPU.ActiveCfg = Debug|Any CPU
		{DC7323AF-82A5-4B53-9398-0384F3CAA5B0}.Debug|Any CPU.Build.0 = Debug|Any CPU
		{DC7323AF-82A5-4B53-9398-0384F3CAA5B0}.Release|Any CPU.ActiveCfg = Release|Any CPU
		{DC7323AF-82A5-4B53-9398-0384F3CAA5B0}.Release|Any CPU.Build.0 = Release|Any CPU
		{AA91E8A2-8A1F-4FFC-B48F-2193B8A95657}.Debug|Any CPU.ActiveCfg = Debug|Any CPU
		{AA91E8A2-8A1F-4FFC-B48F-2193B8A95657}.Debug|Any CPU.Build.0 = Debug|Any CPU
		{AA91E8A2-8A1F-4FFC-B48F-2193B8A95657}.Release|Any CPU.ActiveCfg = Release|Any CPU
		{AA91E8A2-8A1F-4FFC-B48F-2193B8A95657}.Release|Any CPU.Build.0 = Release|Any CPU
		{35802849-A30F-41BD-A607-B51254223956}.Debug|Any CPU.ActiveCfg = Debug|Any CPU
		{35802849-A30F-41BD-A607-B51254223956}.Debug|Any CPU.Build.0 = Debug|Any CPU
		{35802849-A30F-41BD-A607-B51254223956}.Release|Any CPU.ActiveCfg = Release|Any CPU
		{35802849-A30F-41BD-A607-B51254223956}.Release|Any CPU.Build.0 = Release|Any CPU
		{A3CE6AB0-E701-4896-AE65-010DCBB1BE56}.Debug|Any CPU.ActiveCfg = Debug|Any CPU
		{A3CE6AB0-E701-4896-AE65-010DCBB1BE56}.Debug|Any CPU.Build.0 = Debug|Any CPU
		{A3CE6AB0-E701-4896-AE65-010DCBB1BE56}.Release|Any CPU.ActiveCfg = Release|Any CPU
		{A3CE6AB0-E701-4896-AE65-010DCBB1BE56}.Release|Any CPU.Build.0 = Release|Any CPU
		{385D1DE8-AAB0-4D32-9DEE-10DDA7C2CEF8}.Debug|Any CPU.ActiveCfg = Debug|Any CPU
		{385D1DE8-AAB0-4D32-9DEE-10DDA7C2CEF8}.Debug|Any CPU.Build.0 = Debug|Any CPU
		{385D1DE8-AAB0-4D32-9DEE-10DDA7C2CEF8}.Release|Any CPU.ActiveCfg = Release|Any CPU
		{385D1DE8-AAB0-4D32-9DEE-10DDA7C2CEF8}.Release|Any CPU.Build.0 = Release|Any CPU
		{A97A5AA1-CF03-45C3-892D-B6B5754434DB}.Debug|Any CPU.ActiveCfg = Debug|Any CPU
		{A97A5AA1-CF03-45C3-892D-B6B5754434DB}.Debug|Any CPU.Build.0 = Debug|Any CPU
		{A97A5AA1-CF03-45C3-892D-B6B5754434DB}.Release|Any CPU.ActiveCfg = Release|Any CPU
		{A97A5AA1-CF03-45C3-892D-B6B5754434DB}.Release|Any CPU.Build.0 = Release|Any CPU
		{B306FE72-9FBF-47F9-927D-6D8FB290394F}.Debug|Any CPU.ActiveCfg = Debug|Any CPU
		{B306FE72-9FBF-47F9-927D-6D8FB290394F}.Debug|Any CPU.Build.0 = Debug|Any CPU
		{B306FE72-9FBF-47F9-927D-6D8FB290394F}.Release|Any CPU.ActiveCfg = Release|Any CPU
		{B306FE72-9FBF-47F9-927D-6D8FB290394F}.Release|Any CPU.Build.0 = Release|Any CPU
		{A13B66E6-1FBB-4DC0-AD28-B6E78B94CD98}.Debug|Any CPU.ActiveCfg = Debug|Any CPU
		{A13B66E6-1FBB-4DC0-AD28-B6E78B94CD98}.Debug|Any CPU.Build.0 = Debug|Any CPU
		{A13B66E6-1FBB-4DC0-AD28-B6E78B94CD98}.Release|Any CPU.ActiveCfg = Release|Any CPU
		{A13B66E6-1FBB-4DC0-AD28-B6E78B94CD98}.Release|Any CPU.Build.0 = Release|Any CPU
		{70792479-9CD1-4C82-B061-F12A0333F0DA}.Debug|Any CPU.ActiveCfg = Debug|Any CPU
		{70792479-9CD1-4C82-B061-F12A0333F0DA}.Debug|Any CPU.Build.0 = Debug|Any CPU
		{70792479-9CD1-4C82-B061-F12A0333F0DA}.Release|Any CPU.ActiveCfg = Release|Any CPU
		{70792479-9CD1-4C82-B061-F12A0333F0DA}.Release|Any CPU.Build.0 = Release|Any CPU
		{4DF98107-69BD-484E-BC99-70191B4EAF73}.Debug|Any CPU.ActiveCfg = Debug|Any CPU
		{4DF98107-69BD-484E-BC99-70191B4EAF73}.Debug|Any CPU.Build.0 = Debug|Any CPU
		{4DF98107-69BD-484E-BC99-70191B4EAF73}.Release|Any CPU.ActiveCfg = Release|Any CPU
		{4DF98107-69BD-484E-BC99-70191B4EAF73}.Release|Any CPU.Build.0 = Release|Any CPU
		{B1046366-D459-4175-86A1-4BADFA7895DF}.Debug|Any CPU.ActiveCfg = Debug|Any CPU
		{B1046366-D459-4175-86A1-4BADFA7895DF}.Debug|Any CPU.Build.0 = Debug|Any CPU
		{B1046366-D459-4175-86A1-4BADFA7895DF}.Release|Any CPU.ActiveCfg = Release|Any CPU
		{B1046366-D459-4175-86A1-4BADFA7895DF}.Release|Any CPU.Build.0 = Release|Any CPU
		{75D49BAD-62AE-45F5-B944-A37D7907CF5E}.Debug|Any CPU.ActiveCfg = Debug|Any CPU
		{75D49BAD-62AE-45F5-B944-A37D7907CF5E}.Debug|Any CPU.Build.0 = Debug|Any CPU
		{75D49BAD-62AE-45F5-B944-A37D7907CF5E}.Release|Any CPU.ActiveCfg = Release|Any CPU
		{75D49BAD-62AE-45F5-B944-A37D7907CF5E}.Release|Any CPU.Build.0 = Release|Any CPU
	EndGlobalSection
	GlobalSection(SolutionProperties) = preSolution
		HideSolutionNode = FALSE
	EndGlobalSection
	GlobalSection(ExtensibilityGlobals) = postSolution
		SolutionGuid = {27EC1CD9-DC2E-4B2D-A89E-5B66F63E8753}
	EndGlobalSection
EndGlobal
