
Microsoft Visual Studio Solution File, Format Version 12.00
# Visual Studio Version 17
VisualStudioVersion = 17.2.32630.192
MinimumVisualStudioVersion = 10.0.40219.1
Project("{9A19103F-16F7-4668-BE54-9A1E7A4F7556}") = "R5T.L0092", "R5T.L0092\R5T.L0092.csproj", "{CBE78688-D339-4295-9CB6-3A80770D4A09}"
EndProject
Project("{2150E333-8FDC-42A3-9474-1A3956D46DE8}") = "_Dependencies", "_Dependencies", "{17A58C96-ABB6-4671-B768-EF06E70F3BFB}"
EndProject
Project("{9A19103F-16F7-4668-BE54-9A1E7A4F7556}") = "R5T.L0066", "..\..\R5T.L0066\source\R5T.L0066\R5T.L0066.csproj", "{F510B409-6D68-4357-B456-18B2001F2C56}"
EndProject
Project("{9A19103F-16F7-4668-BE54-9A1E7A4F7556}") = "R5T.T0131", "..\..\R5T.T0131\source\R5T.T0131\R5T.T0131.csproj", "{2859CB61-E2F3-4F8F-8D69-FFA165BFE973}"
EndProject
Project("{9A19103F-16F7-4668-BE54-9A1E7A4F7556}") = "R5T.T0132", "..\..\R5T.T0132\source\R5T.T0132\R5T.T0132.csproj", "{9F2EFFAF-A80C-4F1D-8886-6E0102F699BE}"
EndProject
Project("{9A19103F-16F7-4668-BE54-9A1E7A4F7556}") = "R5T.T0142", "..\..\R5T.T0142\source\R5T.T0142\R5T.T0142.csproj", "{138AB689-05AA-48BB-83C4-D7A7855C3B60}"
EndProject
Project("{9A19103F-16F7-4668-BE54-9A1E7A4F7556}") = "R5T.T0143", "..\..\R5T.T0143\source\R5T.T0143\R5T.T0143.csproj", "{018097B4-6815-4099-9CB6-9FF3ABAEA375}"
EndProject
Project("{9A19103F-16F7-4668-BE54-9A1E7A4F7556}") = "R5T.T0156", "..\..\R5T.T0156\source\R5T.T0156\R5T.T0156.csproj", "{FACC8A4A-7548-4D98-B619-B686AEBDCC4B}"
EndProject
Project("{9A19103F-16F7-4668-BE54-9A1E7A4F7556}") = "R5T.Y0006", "..\..\R5T.Y0006\source\R5T.Y0006\R5T.Y0006.csproj", "{EDCECD98-5449-41A0-967A-A62B1F2580EF}"
EndProject
Project("{9A19103F-16F7-4668-BE54-9A1E7A4F7556}") = "R5T.L0089.F000", "..\..\R5T.L0089\source\R5T.L0089.F000\R5T.L0089.F000.csproj", "{7CD16EC2-4096-4308-BFD1-83F2882A21CC}"
EndProject
Project("{9A19103F-16F7-4668-BE54-9A1E7A4F7556}") = "R5T.L0089.T000", "..\..\R5T.L0089\source\R5T.L0089.T000\R5T.L0089.T000.csproj", "{8EE620A0-F682-4054-848F-CE57E77FD953}"
EndProject
Project("{9A19103F-16F7-4668-BE54-9A1E7A4F7556}") = "R5T.L0089", "..\..\R5T.L0089\source\R5T.L0089\R5T.L0089.csproj", "{78995D5A-8B76-4E3C-8CF4-68FB704F562E}"
EndProject
Project("{9A19103F-16F7-4668-BE54-9A1E7A4F7556}") = "R5T.L0091.T000", "..\..\R5T.L0091\source\R5T.L0091.T000\R5T.L0091.T000.csproj", "{9B48CFBE-2F31-4E71-943A-A259C74323BB}"
EndProject
Project("{9A19103F-16F7-4668-BE54-9A1E7A4F7556}") = "R5T.L0091", "..\..\R5T.L0091\source\R5T.L0091\R5T.L0091.csproj", "{FF60C609-1CA8-4DF5-8413-F58EF8FAD1A0}"
EndProject
Global
	GlobalSection(NestedProjects) = preSolution
		{F510B409-6D68-4357-B456-18B2001F2C56} = {17A58C96-ABB6-4671-B768-EF06E70F3BFB}
		{2859CB61-E2F3-4F8F-8D69-FFA165BFE973} = {17A58C96-ABB6-4671-B768-EF06E70F3BFB}
		{9F2EFFAF-A80C-4F1D-8886-6E0102F699BE} = {17A58C96-ABB6-4671-B768-EF06E70F3BFB}
		{138AB689-05AA-48BB-83C4-D7A7855C3B60} = {17A58C96-ABB6-4671-B768-EF06E70F3BFB}
		{018097B4-6815-4099-9CB6-9FF3ABAEA375} = {17A58C96-ABB6-4671-B768-EF06E70F3BFB}
		{FACC8A4A-7548-4D98-B619-B686AEBDCC4B} = {17A58C96-ABB6-4671-B768-EF06E70F3BFB}
		{EDCECD98-5449-41A0-967A-A62B1F2580EF} = {17A58C96-ABB6-4671-B768-EF06E70F3BFB}
		{7CD16EC2-4096-4308-BFD1-83F2882A21CC} = {17A58C96-ABB6-4671-B768-EF06E70F3BFB}
		{8EE620A0-F682-4054-848F-CE57E77FD953} = {17A58C96-ABB6-4671-B768-EF06E70F3BFB}
		{78995D5A-8B76-4E3C-8CF4-68FB704F562E} = {17A58C96-ABB6-4671-B768-EF06E70F3BFB}
		{9B48CFBE-2F31-4E71-943A-A259C74323BB} = {17A58C96-ABB6-4671-B768-EF06E70F3BFB}
		{FF60C609-1CA8-4DF5-8413-F58EF8FAD1A0} = {17A58C96-ABB6-4671-B768-EF06E70F3BFB}
	EndGlobalSection
	GlobalSection(SolutionConfigurationPlatforms) = preSolution
		Debug|Any CPU = Debug|Any CPU
		Release|Any CPU = Release|Any CPU
	EndGlobalSection
	GlobalSection(ProjectConfigurationPlatforms) = postSolution
		{CBE78688-D339-4295-9CB6-3A80770D4A09}.Debug|Any CPU.ActiveCfg = Debug|Any CPU
		{CBE78688-D339-4295-9CB6-3A80770D4A09}.Debug|Any CPU.Build.0 = Debug|Any CPU
		{CBE78688-D339-4295-9CB6-3A80770D4A09}.Release|Any CPU.ActiveCfg = Release|Any CPU
		{CBE78688-D339-4295-9CB6-3A80770D4A09}.Release|Any CPU.Build.0 = Release|Any CPU
		{F510B409-6D68-4357-B456-18B2001F2C56}.Debug|Any CPU.ActiveCfg = Debug|Any CPU
		{F510B409-6D68-4357-B456-18B2001F2C56}.Debug|Any CPU.Build.0 = Debug|Any CPU
		{F510B409-6D68-4357-B456-18B2001F2C56}.Release|Any CPU.ActiveCfg = Release|Any CPU
		{F510B409-6D68-4357-B456-18B2001F2C56}.Release|Any CPU.Build.0 = Release|Any CPU
		{2859CB61-E2F3-4F8F-8D69-FFA165BFE973}.Debug|Any CPU.ActiveCfg = Debug|Any CPU
		{2859CB61-E2F3-4F8F-8D69-FFA165BFE973}.Debug|Any CPU.Build.0 = Debug|Any CPU
		{2859CB61-E2F3-4F8F-8D69-FFA165BFE973}.Release|Any CPU.ActiveCfg = Release|Any CPU
		{2859CB61-E2F3-4F8F-8D69-FFA165BFE973}.Release|Any CPU.Build.0 = Release|Any CPU
		{9F2EFFAF-A80C-4F1D-8886-6E0102F699BE}.Debug|Any CPU.ActiveCfg = Debug|Any CPU
		{9F2EFFAF-A80C-4F1D-8886-6E0102F699BE}.Debug|Any CPU.Build.0 = Debug|Any CPU
		{9F2EFFAF-A80C-4F1D-8886-6E0102F699BE}.Release|Any CPU.ActiveCfg = Release|Any CPU
		{9F2EFFAF-A80C-4F1D-8886-6E0102F699BE}.Release|Any CPU.Build.0 = Release|Any CPU
		{138AB689-05AA-48BB-83C4-D7A7855C3B60}.Debug|Any CPU.ActiveCfg = Debug|Any CPU
		{138AB689-05AA-48BB-83C4-D7A7855C3B60}.Debug|Any CPU.Build.0 = Debug|Any CPU
		{138AB689-05AA-48BB-83C4-D7A7855C3B60}.Release|Any CPU.ActiveCfg = Release|Any CPU
		{138AB689-05AA-48BB-83C4-D7A7855C3B60}.Release|Any CPU.Build.0 = Release|Any CPU
		{018097B4-6815-4099-9CB6-9FF3ABAEA375}.Debug|Any CPU.ActiveCfg = Debug|Any CPU
		{018097B4-6815-4099-9CB6-9FF3ABAEA375}.Debug|Any CPU.Build.0 = Debug|Any CPU
		{018097B4-6815-4099-9CB6-9FF3ABAEA375}.Release|Any CPU.ActiveCfg = Release|Any CPU
		{018097B4-6815-4099-9CB6-9FF3ABAEA375}.Release|Any CPU.Build.0 = Release|Any CPU
		{FACC8A4A-7548-4D98-B619-B686AEBDCC4B}.Debug|Any CPU.ActiveCfg = Debug|Any CPU
		{FACC8A4A-7548-4D98-B619-B686AEBDCC4B}.Debug|Any CPU.Build.0 = Debug|Any CPU
		{FACC8A4A-7548-4D98-B619-B686AEBDCC4B}.Release|Any CPU.ActiveCfg = Release|Any CPU
		{FACC8A4A-7548-4D98-B619-B686AEBDCC4B}.Release|Any CPU.Build.0 = Release|Any CPU
		{EDCECD98-5449-41A0-967A-A62B1F2580EF}.Debug|Any CPU.ActiveCfg = Debug|Any CPU
		{EDCECD98-5449-41A0-967A-A62B1F2580EF}.Debug|Any CPU.Build.0 = Debug|Any CPU
		{EDCECD98-5449-41A0-967A-A62B1F2580EF}.Release|Any CPU.ActiveCfg = Release|Any CPU
		{EDCECD98-5449-41A0-967A-A62B1F2580EF}.Release|Any CPU.Build.0 = Release|Any CPU
		{7CD16EC2-4096-4308-BFD1-83F2882A21CC}.Debug|Any CPU.ActiveCfg = Debug|Any CPU
		{7CD16EC2-4096-4308-BFD1-83F2882A21CC}.Debug|Any CPU.Build.0 = Debug|Any CPU
		{7CD16EC2-4096-4308-BFD1-83F2882A21CC}.Release|Any CPU.ActiveCfg = Release|Any CPU
		{7CD16EC2-4096-4308-BFD1-83F2882A21CC}.Release|Any CPU.Build.0 = Release|Any CPU
		{8EE620A0-F682-4054-848F-CE57E77FD953}.Debug|Any CPU.ActiveCfg = Debug|Any CPU
		{8EE620A0-F682-4054-848F-CE57E77FD953}.Debug|Any CPU.Build.0 = Debug|Any CPU
		{8EE620A0-F682-4054-848F-CE57E77FD953}.Release|Any CPU.ActiveCfg = Release|Any CPU
		{8EE620A0-F682-4054-848F-CE57E77FD953}.Release|Any CPU.Build.0 = Release|Any CPU
		{78995D5A-8B76-4E3C-8CF4-68FB704F562E}.Debug|Any CPU.ActiveCfg = Debug|Any CPU
		{78995D5A-8B76-4E3C-8CF4-68FB704F562E}.Debug|Any CPU.Build.0 = Debug|Any CPU
		{78995D5A-8B76-4E3C-8CF4-68FB704F562E}.Release|Any CPU.ActiveCfg = Release|Any CPU
		{78995D5A-8B76-4E3C-8CF4-68FB704F562E}.Release|Any CPU.Build.0 = Release|Any CPU
		{9B48CFBE-2F31-4E71-943A-A259C74323BB}.Debug|Any CPU.ActiveCfg = Debug|Any CPU
		{9B48CFBE-2F31-4E71-943A-A259C74323BB}.Debug|Any CPU.Build.0 = Debug|Any CPU
		{9B48CFBE-2F31-4E71-943A-A259C74323BB}.Release|Any CPU.ActiveCfg = Release|Any CPU
		{9B48CFBE-2F31-4E71-943A-A259C74323BB}.Release|Any CPU.Build.0 = Release|Any CPU
		{FF60C609-1CA8-4DF5-8413-F58EF8FAD1A0}.Debug|Any CPU.ActiveCfg = Debug|Any CPU
		{FF60C609-1CA8-4DF5-8413-F58EF8FAD1A0}.Debug|Any CPU.Build.0 = Debug|Any CPU
		{FF60C609-1CA8-4DF5-8413-F58EF8FAD1A0}.Release|Any CPU.ActiveCfg = Release|Any CPU
		{FF60C609-1CA8-4DF5-8413-F58EF8FAD1A0}.Release|Any CPU.Build.0 = Release|Any CPU
	EndGlobalSection
	GlobalSection(SolutionProperties) = preSolution
		HideSolutionNode = FALSE
	EndGlobalSection
	GlobalSection(ExtensibilityGlobals) = postSolution
		SolutionGuid = {A8EB2FD5-6FE4-435D-AFF9-41D531FB2C3A}
	EndGlobalSection
EndGlobal
